schema: '2.0'
stages:
  data_ingestion:
    cmd: python src/data_ingestion.py
    deps:
    - path: src/data_ingestion.py
      hash: md5
      md5: f77017c9ef36bf8fbf4eff7b1d1c9ab5
      size: 4125
    params:
      params.yaml:
        data_ingestion.test_size: 0.2
    outs:
    - path: data/raw
      hash: md5
      md5: 1a287d34dc172d9f950c03dae35f7e73.dir
      size: 484846
      nfiles: 2
  data_preprocessing:
    cmd: python src/data_preprocessing.py
    deps:
    - path: data/raw
      hash: md5
      md5: 1a287d34dc172d9f950c03dae35f7e73.dir
      size: 484846
      nfiles: 2
    - path: src/data_preprocessing.py
      hash: md5
      md5: 6ad57b4e920b6c28ea08deaac1b051ed
      size: 4183
    outs:
    - path: data/interim
      hash: md5
      md5: d99be5cb2b019d747166f90739fa6d08.dir
      size: 260073
      nfiles: 2
  feature_engineering:
    cmd: python src/feature_engineering.py
    deps:
    - path: data/interim
      hash: md5
      md5: d99be5cb2b019d747166f90739fa6d08.dir
      size: 260073
      nfiles: 2
    - path: src/feature_engineering.py
      hash: md5
      md5: cf8448c21ab5f64a81b288de0c331814
      size: 3910
    params:
      params.yaml:
        feature_engineering.max_features: 25
    outs:
    - path: data/processed
      hash: md5
      md5: c8b161e3a1d02965a73c958f998b2697.dir
      size: 601565
      nfiles: 2
  model_building:
    cmd: python src/model_building.py
    deps:
    - path: data/processed
      hash: md5
      md5: c8b161e3a1d02965a73c958f998b2697.dir
      size: 601565
      nfiles: 2
    - path: src/model_building.py
      hash: md5
      md5: b45143fadc4d62f415c9733defdeca2c
      size: 4526
    params:
      params.yaml:
        model_building.n_estimators: 22
        model_building.random_state: 2
    outs:
    - path: models/model.pkl
      hash: md5
      md5: 9ffafb074389c0fa44e550c6d556d64c
      size: 566529
  model_evaluation:
    cmd: python src/model_evaluation.py
    deps:
    - path: models/model.pkl
      hash: md5
      md5: 9ffafb074389c0fa44e550c6d556d64c
      size: 566529
    - path: src/model_evaluation.py
      hash: md5
      md5: 19fd3f323ed4c70fef807a3197b53e2a
      size: 4673
    outs:
    - path: reports/metrics.json
      hash: md5
      md5: 819b4950a67ce6c53973fe450736d859
      size: 145
